{
  "name": "meanio",
  "version": "0.7.1",
  "lockfileVersion": 1,
  "requires": true,
  "dependencies": {
    "@sentry/core": {
      "version": "4.5.4",
      "resolved": "https://registry.npmjs.org/@sentry/core/-/core-4.5.4.tgz",
      "integrity": "sha1-Mcmgtm0zy9W0194radbHlRx8BqM=",
      "requires": {
        "@sentry/hub": "4.5.4",
        "@sentry/minimal": "4.5.4",
        "@sentry/types": "4.5.3",
        "@sentry/utils": "4.5.4",
        "tslib": "^1.9.3"
      }
    },
    "@sentry/hub": {
      "version": "4.5.4",
      "resolved": "https://registry.npmjs.org/@sentry/hub/-/hub-4.5.4.tgz",
      "integrity": "sha1-fgmA3S8+rWDOE5Pk4Qj9T+ZeQLc=",
      "requires": {
        "@sentry/types": "4.5.3",
        "@sentry/utils": "4.5.4",
        "tslib": "^1.9.3"
      }
    },
    "@sentry/minimal": {
      "version": "4.5.4",
      "resolved": "https://registry.npmjs.org/@sentry/minimal/-/minimal-4.5.4.tgz",
      "integrity": "sha1-nDID/q455Bcv30x9NLxlA4NVWmY=",
      "requires": {
        "@sentry/hub": "4.5.4",
        "@sentry/types": "4.5.3",
        "tslib": "^1.9.3"
      }
    },
    "@sentry/node": {
      "version": "4.5.4",
      "resolved": "https://registry.npmjs.org/@sentry/node/-/node-4.5.4.tgz",
      "integrity": "sha1-xpY7UZ/j4huMOqa5RSbr5g/sjb0=",
      "requires": {
        "@sentry/core": "4.5.4",
        "@sentry/hub": "4.5.4",
        "@sentry/types": "4.5.3",
        "@sentry/utils": "4.5.4",
        "@types/stack-trace": "0.0.29",
        "cookie": "0.3.1",
        "https-proxy-agent": "2.2.1",
        "lru_map": "0.3.3",
        "lsmod": "1.0.0",
        "stack-trace": "0.0.10",
        "tslib": "^1.9.3"
      }
    },
    "@sentry/types": {
      "version": "4.5.3",
      "resolved": "https://registry.npmjs.org/@sentry/types/-/types-4.5.3.tgz",
      "integrity": "sha1-M1Dc4rf5uTaowyeJHBLjrve9iFI="
    },
    "@sentry/utils": {
      "version": "4.5.4",
      "resolved": "https://registry.npmjs.org/@sentry/utils/-/utils-4.5.4.tgz",
      "integrity": "sha1-/AdLDBaFDzloWmwX+WQH9W7TawM=",
      "requires": {
        "@sentry/types": "4.5.3",
        "tslib": "^1.9.3"
      }
    },
    "@types/stack-trace": {
      "version": "0.0.29",
      "resolved": "https://registry.npmjs.org/@types/stack-trace/-/stack-trace-0.0.29.tgz",
      "integrity": "sha1-63p8YAmO2zVjDtkAdCpeyyDPy00="
    },
    "agent-base": {
      "version": "4.2.1",
      "resolved": "https://registry.npmjs.org/agent-base/-/agent-base-4.2.1.tgz",
      "integrity": "sha1-2J5ZmfeXh1Z0wH2H8mD8Qeg+jKk=",
      "requires": {
        "es6-promisify": "^5.0.0"
      }
    },
    "assertion-error": {
      "version": "1.1.0",
      "resolved": "https://registry.npmjs.org/assertion-error/-/assertion-error-1.1.0.tgz",
      "integrity": "sha512-jgsaNduz+ndvGyFt3uSuWqvy4lCnIJiovtouQN5JZHOKCS2QuhEdbcQHFhVksz2N2U9hXJo8odG7ETyWlEeuDw=="
    },
    "chai": {
      "version": "4.2.0",
      "resolved": "https://registry.npmjs.org/chai/-/chai-4.2.0.tgz",
      "integrity": "sha512-XQU3bhBukrOsQCuwZndwGcCVQHyZi53fQ6Ys1Fym7E4olpIqqZZhhoFJoaKVvV17lWQoXYwgWN2nF5crA8J2jw==",
      "requires": {
        "assertion-error": "^1.1.0",
        "check-error": "^1.0.2",
        "deep-eql": "^3.0.1",
        "get-func-name": "^2.0.0",
        "pathval": "^1.1.0",
        "type-detect": "^4.0.5"
      }
    },
    "check-error": {
      "version": "1.0.2",
      "resolved": "https://registry.npmjs.org/check-error/-/check-error-1.0.2.tgz",
      "integrity": "sha1-V00xLt2Iu13YkS6Sht1sCu1KrII="
    },
    "cookie": {
      "version": "0.3.1",
      "resolved": "https://registry.npmjs.org/cookie/-/cookie-0.3.1.tgz",
      "integrity": "sha1-5+Ch+e9DtMi6klxcWpboBtFoc7s="
    },
    "debug": {
      "version": "3.2.6",
      "resolved": "https://registry.npmjs.org/debug/-/debug-3.2.6.tgz",
      "integrity": "sha1-6D0X3hbYp++3cX7b5fsQE17uYps=",
      "requires": {
        "ms": "^2.1.1"
      }
    },
    "deep-eql": {
      "version": "3.0.1",
      "resolved": "https://registry.npmjs.org/deep-eql/-/deep-eql-3.0.1.tgz",
      "integrity": "sha512-+QeIQyN5ZuO+3Uk5DYh6/1eKO0m0YmJFGNmFHGACpf1ClL1nmlV/p4gNgbl2pJGxgXb4faqo6UE+M5ACEMyVcw==",
      "requires": {
        "type-detect": "^4.0.0"
      }
    },
    "deep-equal": {
      "version": "1.0.1",
      "resolved": "https://registry.npmjs.org/deep-equal/-/deep-equal-1.0.1.tgz",
      "integrity": "sha1-9dJgKStmDghO/0zbyfCK0yR0SLU="
    },
    "es6-promise": {
      "version": "4.2.5",
      "resolved": "https://registry.npmjs.org/es6-promise/-/es6-promise-4.2.5.tgz",
      "integrity": "sha1-2m0NVpLvtGHggsFIF/4kJ9j10FQ="
    },
    "es6-promisify": {
      "version": "5.0.0",
      "resolved": "https://registry.npmjs.org/es6-promisify/-/es6-promisify-5.0.0.tgz",
      "integrity": "sha1-UQnWLz5W6pZ8S2NQWu8IKRyKUgM=",
      "requires": {
        "es6-promise": "^4.0.3"
      }
    },
    "get-func-name": {
      "version": "2.0.0",
      "resolved": "https://registry.npmjs.org/get-func-name/-/get-func-name-2.0.0.tgz",
      "integrity": "sha1-6td0q+5y4gQJQzoGY2YCPdaIekE="
    },
    "https-proxy-agent": {
      "version": "2.2.1",
      "resolved": "https://registry.npmjs.org/https-proxy-agent/-/https-proxy-agent-2.2.1.tgz",
      "integrity": "sha1-UVUpcPoE1yPgTFbQQXjD+SWSu8A=",
      "requires": {
        "agent-base": "^4.1.0",
        "debug": "^3.1.0"
      }
    },
    "json-stringify-safe": {
      "version": "5.0.1",
      "resolved": "https://registry.npmjs.org/json-stringify-safe/-/json-stringify-safe-5.0.1.tgz",
      "integrity": "sha1-Epai1Y/UXxmg9s4B1lcB4sc1tus="
    },
    "lru_map": {
      "version": "0.3.3",
      "resolved": "https://registry.npmjs.org/lru_map/-/lru_map-0.3.3.tgz",
      "integrity": "sha1-tcg1G5Rky9dQM1p5ZQoOwOVhGN0="
    },
    "lsmod": {
      "version": "1.0.0",
      "resolved": "https://registry.npmjs.org/lsmod/-/lsmod-1.0.0.tgz",
      "integrity": "sha1-mgD3bco26yP6BTUK/htYXUKZ5ks="
    },
    "minimist": {
      "version": "0.0.8",
      "resolved": "https://registry.npmjs.org/minimist/-/minimist-0.0.8.tgz",
      "integrity": "sha1-hX/Kv8M5fSYluCKCYuhqp6ARsF0="
    },
    "mkdirp": {
      "version": "0.5.1",
      "resolved": "https://registry.npmjs.org/mkdirp/-/mkdirp-0.5.1.tgz",
      "integrity": "sha1-MAV0OOrGz3+MR2fzhkjWaX11yQM=",
      "requires": {
        "minimist": "0.0.8"
      }
    },
    "ms": {
      "version": "2.1.1",
      "resolved": "https://registry.npmjs.org/ms/-/ms-2.1.1.tgz",
      "integrity": "sha1-MKWGTrPrsKZvLr5tcnrwagnYbgo="
    },
    "nock": {
      "version": "9.6.1",
      "resolved": "https://registry.npmjs.org/nock/-/nock-9.6.1.tgz",
      "integrity": "sha512-EDgl/WgNQ0C1BZZlASOQkQdE6tAWXJi8QQlugqzN64JJkvZ7ILijZuG24r4vCC7yOfnm6HKpne5AGExLGCeBWg==",
      "requires": {
        "chai": "^4.1.2",
        "debug": "^3.1.0",
        "deep-equal": "^1.0.0",
        "json-stringify-safe": "^5.0.1",
        "lodash": "^4.17.5",
        "mkdirp": "^0.5.0",
        "propagate": "^1.0.0",
        "qs": "^6.5.1",
        "semver": "^5.5.0"
      },
      "dependencies": {
        "lodash": {
          "version": "4.17.15",
          "resolved": "https://registry.npmjs.org/lodash/-/lodash-4.17.15.tgz",
          "integrity": "sha512-8xOcRHvCjnocdS5cpwXQXVzmmh5e5+saE2QGoeQmbKmRS6J3VQppPOIt0MnmE+4xlZoumy0GPG0D0MVIQbNA1A=="
        }
      }
    },
    "object-to-human-string": {
      "version": "0.0.3",
      "resolved": "https://registry.npmjs.org/object-to-human-string/-/object-to-human-string-0.0.3.tgz",
      "integrity": "sha1-f+sSGnlJYkjvjaoWDaI4YsCeifI="
    },
    "pathval": {
      "version": "1.1.0",
      "resolved": "https://registry.npmjs.org/pathval/-/pathval-1.1.0.tgz",
      "integrity": "sha1-uULm1L3mUwBe9rcTYd74cn0GReA="
    },
    "propagate": {
      "version": "1.0.0",
      "resolved": "https://registry.npmjs.org/propagate/-/propagate-1.0.0.tgz",
      "integrity": "sha1-AMLa7t2iDofjeCs0Stuhzd1q1wk="
    },
    "qs": {
      "version": "6.7.0",
      "resolved": "https://registry.npmjs.org/qs/-/qs-6.7.0.tgz",
      "integrity": "sha512-VCdBRNFTX1fyE7Nb6FYoURo/SPe62QCaAyzJvUjwRaIsc+NePBEniHlvxFmmX56+HZphIGtV0XeCirBtpDrTyQ=="
    },
    "raygun": {
      "version": "0.10.1",
      "resolved": "https://registry.npmjs.org/raygun/-/raygun-0.10.1.tgz",
      "integrity": "sha512-wXZJ/898b8CCGTsAhIiZ/I4fnTna5W1l3aXv+H675G9jV7PueZ98X214OZ0Ou2kLcaGpsjPnOpypfJU9YvmEDg==",
      "requires": {
        "nock": "~9",
        "object-to-human-string": "0.0.3",
        "stack-trace": "0.0.6"
      },
      "dependencies": {
        "stack-trace": {
          "version": "0.0.6",
          "resolved": "https://registry.npmjs.org/stack-trace/-/stack-trace-0.0.6.tgz",
          "integrity": "sha1-HnGb1qJin/CcGJ4Xqe+QKpT8XbA="
        }
      }
    },
    "semver": {
      "version": "5.7.0",
      "resolved": "https://registry.npmjs.org/semver/-/semver-5.7.0.tgz",
      "integrity": "sha512-Ya52jSX2u7QKghxeoFGpLwCtGlt7j0oY9DYb5apt9nPlJ42ID+ulTXESnt/qAQcoSERyZ5sl3LDIOw0nAn/5DA=="
    },
    "stack-trace": {
      "version": "0.0.10",
      "resolved": "https://registry.npmjs.org/stack-trace/-/stack-trace-0.0.10.tgz",
      "integrity": "sha1-VHxws0fo0ytOEI6hoqFZ5f3eGcA="
    },
    "tslib": {
      "version": "1.9.3",
      "resolved": "https://registry.npmjs.org/tslib/-/tslib-1.9.3.tgz",
      "integrity": "sha1-1+TdeSRdhUKMTX5IIqeZF5VMooY="
    },
    "type-detect": {
      "version": "4.0.8",
      "resolved": "https://registry.npmjs.org/type-detect/-/type-detect-4.0.8.tgz",
      "integrity": "sha512-0fr/mIH1dlO+x7TlcMy+bIDqKPsw/70tVyeHW787goQjhmqaZe10uwLujubK9q9Lg6Fiho1KUKDYz0Z7k7g5/g=="
    }
  }
}
